
Microsoft Visual Studio Solution File, Format Version 12.00
# Visual Studio Version 16
VisualStudioVersion = 16.0.29911.98
MinimumVisualStudioVersion = 10.0.40219.1
Project("{2150E333-8FDC-42A3-9474-1A3956D46DE8}") = "dispensing", "dispensing", "{092FCF5F-46E0-4C42-96B6-CEA36E988EC8}"
	ProjectSection(SolutionItems) = preProject
		Readme.txt = Readme.txt
	EndProjectSection
EndProject
Project("{9A19103F-16F7-4668-BE54-9A1E7A4F7556}") = "Filuet.ASC.Kiosk.OnBoard.Dispensing.Abstractions", "Dispensing\Abstractions\Filuet.ASC.Kiosk.OnBoard.Dispensing.Abstractions.csproj", "{CD3FF486-2636-44E9-A357-D593684166F3}"
EndProject
Project("{2150E333-8FDC-42A3-9474-1A3956D46DE8}") = "common", "common", "{47D4898C-D171-4731-A2A2-1DF9F7779454}"
EndProject
Project("{9A19103F-16F7-4668-BE54-9A1E7A4F7556}") = "Filuet.ASC.Kiosk.OnBoard.Dispensing.Tests", "Dispensing\Tests\Filuet.ASC.Kiosk.OnBoard.Dispensing.Tests.csproj", "{651D122C-61E5-41EC-96C9-2F25530182F6}"
EndProject
Project("{9A19103F-16F7-4668-BE54-9A1E7A4F7556}") = "Filuet.ASC.Kiosk.OnBoard.Dispensing.Core", "Dispensing\Core\Filuet.ASC.Kiosk.OnBoard.Dispensing.Core.csproj", "{7896ABCA-0DC5-49FB-B2BA-32C85656DA5C}"
EndProject
Project("{2150E333-8FDC-42A3-9474-1A3956D46DE8}") = "storage", "storage", "{28E87852-E76C-437D-B820-64460B36E042}"
EndProject
Project("{9A19103F-16F7-4668-BE54-9A1E7A4F7556}") = "Filuet.ASC.Kiosk.OnBoard.Storage.Abstractions", "Storage\Abstractions\Filuet.ASC.Kiosk.OnBoard.Storage.Abstractions.csproj", "{B8331EDF-C82C-4397-81FF-39036926CDFF}"
EndProject
Project("{9A19103F-16F7-4668-BE54-9A1E7A4F7556}") = "Filuet.ASC.Kiosk.OnBoard.Storage.Core", "Storage\Core\Filuet.ASC.Kiosk.OnBoard.Storage.Core.csproj", "{B8A658FC-70BA-41DA-990B-26AF44C41C91}"
EndProject
Project("{9A19103F-16F7-4668-BE54-9A1E7A4F7556}") = "Filuet.ASC.Kiosk.OnBoard.Storage.Tests", "Storage\Tests\Filuet.ASC.Kiosk.OnBoard.Storage.Tests.csproj", "{A896E887-9367-4C91-9E53-16C353727296}"
EndProject
Project("{2150E333-8FDC-42A3-9474-1A3956D46DE8}") = "_kernel", "_kernel", "{737B6B74-5356-4552-BF34-D2EA5C733339}"
EndProject
Project("{9A19103F-16F7-4668-BE54-9A1E7A4F7556}") = "Filuet.ASC.Kiosk.OnBoard.Common.Platform", "Common\Platform\Filuet.ASC.Kiosk.OnBoard.Common.Platform.csproj", "{0BF65245-72D6-4284-8221-D88FAE1321D1}"
EndProject
Project("{2150E333-8FDC-42A3-9474-1A3956D46DE8}") = "maintenance", "maintenance", "{5561C2C8-0605-49B6-9487-B03EF2E3E09E}"
EndProject
Project("{9A19103F-16F7-4668-BE54-9A1E7A4F7556}") = "Filuet.ASC.OnBoard.Dashboard.Client", "Maintenance\Dashboard\Client\Filuet.ASC.OnBoard.Dashboard.Client.csproj", "{5141B630-691D-49B4-9462-9E97D5C9E184}"
EndProject
Project("{9A19103F-16F7-4668-BE54-9A1E7A4F7556}") = "Filuet.ASC.OnBoard.Dashboard.Shared", "Maintenance\Dashboard\Shared\Filuet.ASC.OnBoard.Dashboard.Shared.csproj", "{2422BC4C-E06E-4F91-9D7C-D4D2982A8E67}"
EndProject
Project("{9A19103F-16F7-4668-BE54-9A1E7A4F7556}") = "Filuet.ASC.OnBoard.Kernel.HostApp", "Kernel\Host\Filuet.ASC.OnBoard.Kernel.HostApp.csproj", "{4DF93D7B-78E5-4799-BB35-9C2AAEDB1632}"
EndProject
Project("{2150E333-8FDC-42A3-9474-1A3956D46DE8}") = "payment", "payment", "{9AF1BDF8-3B94-45D2-9DE2-3ADA0F630465}"
EndProject
Project("{2150E333-8FDC-42A3-9474-1A3956D46DE8}") = "cashbox", "cashbox", "{4A81321F-0A7D-4DE5-A361-17061AC69EF2}"
EndProject
Project("{9A19103F-16F7-4668-BE54-9A1E7A4F7556}") = "Filuet.ASC.Kiosk.OnBoard.Cashbox.Abstractions", "Payment\Cashbox\Filuet.ASC.Kiosk.OnBoard.Cashbox.Abstractions\Filuet.ASC.Kiosk.OnBoard.Cashbox.Abstractions.csproj", "{75D4CD87-6D02-4F22-AEF0-1F1BCC174F06}"
EndProject
Project("{9A19103F-16F7-4668-BE54-9A1E7A4F7556}") = "Filuet.ASC.Kiosk.OnBoard.Cashbox.Core", "Payment\Cashbox\Filuet.ASC.Kiosk.OnBoard.Cashbox.Core\Filuet.ASC.Kiosk.OnBoard.Cashbox.Core.csproj", "{D85E0B50-7979-487D-81DA-E635E4FAC4C1}"
EndProject
Project("{9A19103F-16F7-4668-BE54-9A1E7A4F7556}") = "Filuet.ASC.Kiosk.OnBoard.Cashbox.Tests", "Payment\Cashbox\Filuet.ASC.Kiosk.OnBoard.Cashbox.Tests\Filuet.ASC.Kiosk.OnBoard.Cashbox.Tests.csproj", "{F9099EF3-2BF1-41B4-863B-2FAFC563A91A}"
EndProject
Project("{2150E333-8FDC-42A3-9474-1A3956D46DE8}") = "cashless", "cashless", "{19301B9B-C457-4A36-AD25-56A2400CEB08}"
EndProject
Project("{9A19103F-16F7-4668-BE54-9A1E7A4F7556}") = "Filuet.ASC.Kiosk.OnBoard.Cashless.Abstractions", "Payment\Cashless\Filuet.ASC.Kiosk.OnBoard.Cashless.Abstractions\Filuet.ASC.Kiosk.OnBoard.Cashless.Abstractions.csproj", "{FBC6255D-A704-49C0-B75C-63AE59571561}"
EndProject
Project("{9A19103F-16F7-4668-BE54-9A1E7A4F7556}") = "Filuet.ASC.Kiosk.OnBoard.Cashless.Core", "Payment\Cashless\Filuet.ASC.Kiosk.OnBoard.Core\Filuet.ASC.Kiosk.OnBoard.Cashless.Core.csproj", "{C2970920-D302-45E6-8981-4A4F12C66105}"
EndProject
Project("{9A19103F-16F7-4668-BE54-9A1E7A4F7556}") = "Filuet.ASC.Kiosk.OnBoard.Cashless.Tests", "Payment\Cashless\Filuet.ASC.Kiosk.OnBoard.Cashless.Tests\Filuet.ASC.Kiosk.OnBoard.Cashless.Tests.csproj", "{F7430CB4-B2D8-4417-82B2-28BEBBB41003}"
EndProject
Project("{2150E333-8FDC-42A3-9474-1A3956D46DE8}") = "fiscal", "fiscal", "{12EC15C7-F10E-49E9-ACED-EA1B9F4D63A8}"
EndProject
Project("{9A19103F-16F7-4668-BE54-9A1E7A4F7556}") = "Filuet.ASC.OnBoard.Fiscal.Abstractions", "Fiscal\Abstractions\Filuet.ASC.OnBoard.Fiscal.Abstractions.csproj", "{81EA7942-C072-46CD-9166-096E1E00374D}"
EndProject
Project("{9A19103F-16F7-4668-BE54-9A1E7A4F7556}") = "Filuet.ASC.OnBoard.Kernel.Core", "Kernel\Core\Filuet.ASC.OnBoard.Kernel.Core.csproj", "{8DAACAD3-6641-42BC-BEC6-E09558A6EFB8}"
EndProject
Project("{9A19103F-16F7-4668-BE54-9A1E7A4F7556}") = "Filuet.ASC.OnBoard.Kernel.Test", "Kernel\Test\Filuet.ASC.OnBoard.Kernel.Test.csproj", "{FE38B5A7-E1D8-4766-9741-160C63423400}"
EndProject
Project("{2150E333-8FDC-42A3-9474-1A3956D46DE8}") = "order", "order", "{F69CFBCC-833E-47BA-B8D8-E35F65F59F47}"
EndProject
Project("{9A19103F-16F7-4668-BE54-9A1E7A4F7556}") = "Filuet.ASC.Kiosk.OnBoard.Ordering.Abstractions", "Order\Abstractions\Filuet.ASC.Kiosk.OnBoard.Ordering.Abstractions.csproj", "{10BACA07-B92A-4574-B9CB-442CB4E537DB}"
EndProject
Project("{9A19103F-16F7-4668-BE54-9A1E7A4F7556}") = "Filuet.ASC.OnBoard.Payment.Abstractions", "Payment\Abstractions\Filuet.ASC.OnBoard.Payment.Abstractions.csproj", "{BF8045CD-A457-4DEB-B6C3-A5F49A4B1B6D}"
EndProject
Project("{2150E333-8FDC-42A3-9474-1A3956D46DE8}") = "printer", "printer", "{A3C376D4-D155-4672-A47E-B02FBEAD2467}"
EndProject
Project("{9A19103F-16F7-4668-BE54-9A1E7A4F7556}") = "Filuet.ASC.Kiosk.OnBoard.Printer.Abstractions", "Printer\Abstractions\Filuet.ASC.Kiosk.OnBoard.Printer.Abstractions.csproj", "{DED4942A-F2A3-4AD7-95BB-72B333D7BC86}"
EndProject
Project("{2150E333-8FDC-42A3-9474-1A3956D46DE8}") = "UVS", "UVS", "{FB8927FF-8892-4DA0-A973-0646FA98E41C}"
EndProject
Project("{9A19103F-16F7-4668-BE54-9A1E7A4F7556}") = "Filuet.ASC.Kiosk.OnBoard.UVS.Core", "Payment\UVS\Filuet.ASC.Kiosk.OnBoard.UVS.Core\Filuet.ASC.Kiosk.OnBoard.UVS.Core.csproj", "{F7DD14A4-18F2-4D48-8568-6171688AFD17}"
EndProject
Project("{9A19103F-16F7-4668-BE54-9A1E7A4F7556}") = "Filuet.ASC.Kiosk.OnBoard.UVS.Tests", "Payment\UVS\Filuet.ASC.Kiosk.OnBoard.UVS.Tests\Filuet.ASC.Kiosk.OnBoard.UVS.Tests.csproj", "{9C9CB737-D046-47D8-BB21-960DB78FCEFB}"
EndProject
Project("{9A19103F-16F7-4668-BE54-9A1E7A4F7556}") = "Filuet.ASC.Kiosk.OnBoard.UVS.Abstractions", "Payment\UVS\Filuet.ASC.Kiosk.OnBoard.UVS.Abstractions\Filuet.ASC.Kiosk.OnBoard.UVS.Abstractions.csproj", "{78D913EA-B3FE-4E29-8DDF-94B3C512EFA4}"
EndProject
Project("{2150E333-8FDC-42A3-9474-1A3956D46DE8}") = "sdk", "sdk", "{33BADF46-ABF0-449A-8ACD-08F1AFE65D03}"
EndProject
Project("{2150E333-8FDC-42A3-9474-1A3956D46DE8}") = "dispensing", "dispensing", "{34C643E2-7DE1-4CEA-91F6-51E721C9D7C5}"
EndProject
Project("{2150E333-8FDC-42A3-9474-1A3956D46DE8}") = "jofemar", "jofemar", "{73BBCDAF-D9F6-47C1-BFD8-93444CCFB3B2}"
EndProject
Project("{9A19103F-16F7-4668-BE54-9A1E7A4F7556}") = "Filuet.ASC.Kiosk.OnBoard.SDK.Jofemar.VisionEsPlus", "Sdk\Dispensing\Jofemar\VisionEsPlus\Filuet.ASC.Kiosk.OnBoard.SDK.Jofemar.VisionEsPlus.csproj", "{B8C392C8-7E4F-49B7-867A-8B21D01A3B78}"
EndProject
Project("{9A19103F-16F7-4668-BE54-9A1E7A4F7556}") = "Filuet.ASC.Kiosk.OnBoard.Common.Abstractions", "Common\Abstractions\Filuet.ASC.Kiosk.OnBoard.Common.Abstractions.csproj", "{5F49EFF6-196D-4653-87C1-1D09F2AFBC6C}"
EndProject
Project("{9A19103F-16F7-4668-BE54-9A1E7A4F7556}") = "Filuet.ASC.OnBoard.Payment.Core", "Payment\Core\Filuet.ASC.OnBoard.Payment.Core.csproj", "{32298A01-FE34-4061-807A-30C35FA7CD21}"
EndProject
Project("{2150E333-8FDC-42A3-9474-1A3956D46DE8}") = "ecommerce", "ecommerce", "{50146002-50E3-4CC3-A5F6-26997AADD05F}"
EndProject
Project("{9A19103F-16F7-4668-BE54-9A1E7A4F7556}") = "Filuet.ASC.Kiosk.OnBoard.Ecommerce.Abstractions", "Payment\ECommerce\Abstractions\Filuet.ASC.Kiosk.OnBoard.Ecommerce.Abstractions.csproj", "{642B3009-2D76-453B-AF87-1416C746A01E}"
EndProject
Project("{9A19103F-16F7-4668-BE54-9A1E7A4F7556}") = "Filuet.ASC.Kiosk.OnBoard.Ecommerce.Service", "Payment\ECommerce\Service\Filuet.ASC.Kiosk.OnBoard.Ecommerce.Service.csproj", "{A4AFFFB3-C04E-46A1-9078-42B5E686521B}"
EndProject
Project("{2150E333-8FDC-42A3-9474-1A3956D46DE8}") = "slip", "slip", "{734692C4-CCED-4B2D-B62F-222BF1360E23}"
EndProject
Project("{9A19103F-16F7-4668-BE54-9A1E7A4F7556}") = "Filuet.ASC.Kiosk.OnBoard.Slip.Abstractions", "Slip\Abstractions\Filuet.ASC.Kiosk.OnBoard.Slip.Abstractions.csproj", "{33E2DF90-1AE2-474C-9745-5D7365EE4EAE}"
EndProject
Project("{9A19103F-16F7-4668-BE54-9A1E7A4F7556}") = "Filuet.ASC.Kiosk.OnBoard.Slip.Service", "Slip\Service\Filuet.ASC.Kiosk.OnBoard.Slip.Service.csproj", "{7D49A5BC-5D4B-4878-8ED8-70E650D64EB2}"
EndProject
Project("{9A19103F-16F7-4668-BE54-9A1E7A4F7556}") = "Filuet.ASC.Kiosk.OnBoard.Slip.Test", "Slip\Test\Filuet.ASC.Kiosk.OnBoard.Slip.Test.csproj", "{F4D6681B-35FE-47E7-B41D-91CE4609A818}"
EndProject
Project("{2150E333-8FDC-42A3-9474-1A3956D46DE8}") = "catalog", "catalog", "{FCF45815-3DF4-4EC1-8ED8-B697DBB16D1D}"
EndProject
Project("{9A19103F-16F7-4668-BE54-9A1E7A4F7556}") = "Filuet.ASC.Kiosk.OnBoard.Catalog.Abstractions", "Catalog\Abstractions\Filuet.ASC.Kiosk.OnBoard.Catalog.Abstractions.csproj", "{FBF5F5B9-E591-45D1-88E5-22B91545BF09}"
EndProject
Project("{9A19103F-16F7-4668-BE54-9A1E7A4F7556}") = "Filuet.ASC.Kiosk.OnBoard.Catalog.Service", "Catalog\Service\Filuet.ASC.Kiosk.OnBoard.Catalog.Service.csproj", "{D7912CEB-4637-44A6-89DC-5D0FF5942391}"
EndProject
Global
	GlobalSection(SolutionConfigurationPlatforms) = preSolution
		Debug|Any CPU = Debug|Any CPU
		Release|Any CPU = Release|Any CPU
	EndGlobalSection
	GlobalSection(ProjectConfigurationPlatforms) = postSolution
		{CD3FF486-2636-44E9-A357-D593684166F3}.Debug|Any CPU.ActiveCfg = Debug|Any CPU
		{CD3FF486-2636-44E9-A357-D593684166F3}.Debug|Any CPU.Build.0 = Debug|Any CPU
		{CD3FF486-2636-44E9-A357-D593684166F3}.Release|Any CPU.ActiveCfg = Release|Any CPU
		{CD3FF486-2636-44E9-A357-D593684166F3}.Release|Any CPU.Build.0 = Release|Any CPU
		{651D122C-61E5-41EC-96C9-2F25530182F6}.Debug|Any CPU.ActiveCfg = Debug|Any CPU
		{651D122C-61E5-41EC-96C9-2F25530182F6}.Debug|Any CPU.Build.0 = Debug|Any CPU
		{651D122C-61E5-41EC-96C9-2F25530182F6}.Release|Any CPU.ActiveCfg = Release|Any CPU
		{651D122C-61E5-41EC-96C9-2F25530182F6}.Release|Any CPU.Build.0 = Release|Any CPU
		{7896ABCA-0DC5-49FB-B2BA-32C85656DA5C}.Debug|Any CPU.ActiveCfg = Debug|Any CPU
		{7896ABCA-0DC5-49FB-B2BA-32C85656DA5C}.Debug|Any CPU.Build.0 = Debug|Any CPU
		{7896ABCA-0DC5-49FB-B2BA-32C85656DA5C}.Release|Any CPU.ActiveCfg = Release|Any CPU
		{7896ABCA-0DC5-49FB-B2BA-32C85656DA5C}.Release|Any CPU.Build.0 = Release|Any CPU
		{B8331EDF-C82C-4397-81FF-39036926CDFF}.Debug|Any CPU.ActiveCfg = Debug|Any CPU
		{B8331EDF-C82C-4397-81FF-39036926CDFF}.Debug|Any CPU.Build.0 = Debug|Any CPU
		{B8331EDF-C82C-4397-81FF-39036926CDFF}.Release|Any CPU.ActiveCfg = Release|Any CPU
		{B8331EDF-C82C-4397-81FF-39036926CDFF}.Release|Any CPU.Build.0 = Release|Any CPU
		{B8A658FC-70BA-41DA-990B-26AF44C41C91}.Debug|Any CPU.ActiveCfg = Debug|Any CPU
		{B8A658FC-70BA-41DA-990B-26AF44C41C91}.Debug|Any CPU.Build.0 = Debug|Any CPU
		{B8A658FC-70BA-41DA-990B-26AF44C41C91}.Release|Any CPU.ActiveCfg = Release|Any CPU
		{B8A658FC-70BA-41DA-990B-26AF44C41C91}.Release|Any CPU.Build.0 = Release|Any CPU
		{A896E887-9367-4C91-9E53-16C353727296}.Debug|Any CPU.ActiveCfg = Debug|Any CPU
		{A896E887-9367-4C91-9E53-16C353727296}.Debug|Any CPU.Build.0 = Debug|Any CPU
		{A896E887-9367-4C91-9E53-16C353727296}.Release|Any CPU.ActiveCfg = Release|Any CPU
		{A896E887-9367-4C91-9E53-16C353727296}.Release|Any CPU.Build.0 = Release|Any CPU
		{0BF65245-72D6-4284-8221-D88FAE1321D1}.Debug|Any CPU.ActiveCfg = Debug|Any CPU
		{0BF65245-72D6-4284-8221-D88FAE1321D1}.Debug|Any CPU.Build.0 = Debug|Any CPU
		{0BF65245-72D6-4284-8221-D88FAE1321D1}.Release|Any CPU.ActiveCfg = Release|Any CPU
		{0BF65245-72D6-4284-8221-D88FAE1321D1}.Release|Any CPU.Build.0 = Release|Any CPU
		{5141B630-691D-49B4-9462-9E97D5C9E184}.Debug|Any CPU.ActiveCfg = Debug|Any CPU
		{5141B630-691D-49B4-9462-9E97D5C9E184}.Debug|Any CPU.Build.0 = Debug|Any CPU
		{5141B630-691D-49B4-9462-9E97D5C9E184}.Release|Any CPU.ActiveCfg = Release|Any CPU
		{5141B630-691D-49B4-9462-9E97D5C9E184}.Release|Any CPU.Build.0 = Release|Any CPU
		{2422BC4C-E06E-4F91-9D7C-D4D2982A8E67}.Debug|Any CPU.ActiveCfg = Debug|Any CPU
		{2422BC4C-E06E-4F91-9D7C-D4D2982A8E67}.Debug|Any CPU.Build.0 = Debug|Any CPU
		{2422BC4C-E06E-4F91-9D7C-D4D2982A8E67}.Release|Any CPU.ActiveCfg = Release|Any CPU
		{2422BC4C-E06E-4F91-9D7C-D4D2982A8E67}.Release|Any CPU.Build.0 = Release|Any CPU
		{4DF93D7B-78E5-4799-BB35-9C2AAEDB1632}.Debug|Any CPU.ActiveCfg = Debug|Any CPU
		{4DF93D7B-78E5-4799-BB35-9C2AAEDB1632}.Debug|Any CPU.Build.0 = Debug|Any CPU
		{4DF93D7B-78E5-4799-BB35-9C2AAEDB1632}.Release|Any CPU.ActiveCfg = Release|Any CPU
		{4DF93D7B-78E5-4799-BB35-9C2AAEDB1632}.Release|Any CPU.Build.0 = Release|Any CPU
		{75D4CD87-6D02-4F22-AEF0-1F1BCC174F06}.Debug|Any CPU.ActiveCfg = Debug|Any CPU
		{75D4CD87-6D02-4F22-AEF0-1F1BCC174F06}.Debug|Any CPU.Build.0 = Debug|Any CPU
		{75D4CD87-6D02-4F22-AEF0-1F1BCC174F06}.Release|Any CPU.ActiveCfg = Release|Any CPU
		{75D4CD87-6D02-4F22-AEF0-1F1BCC174F06}.Release|Any CPU.Build.0 = Release|Any CPU
		{D85E0B50-7979-487D-81DA-E635E4FAC4C1}.Debug|Any CPU.ActiveCfg = Debug|Any CPU
		{D85E0B50-7979-487D-81DA-E635E4FAC4C1}.Debug|Any CPU.Build.0 = Debug|Any CPU
		{D85E0B50-7979-487D-81DA-E635E4FAC4C1}.Release|Any CPU.ActiveCfg = Release|Any CPU
		{D85E0B50-7979-487D-81DA-E635E4FAC4C1}.Release|Any CPU.Build.0 = Release|Any CPU
		{F9099EF3-2BF1-41B4-863B-2FAFC563A91A}.Debug|Any CPU.ActiveCfg = Debug|Any CPU
		{F9099EF3-2BF1-41B4-863B-2FAFC563A91A}.Debug|Any CPU.Build.0 = Debug|Any CPU
		{F9099EF3-2BF1-41B4-863B-2FAFC563A91A}.Release|Any CPU.ActiveCfg = Release|Any CPU
		{F9099EF3-2BF1-41B4-863B-2FAFC563A91A}.Release|Any CPU.Build.0 = Release|Any CPU
		{FBC6255D-A704-49C0-B75C-63AE59571561}.Debug|Any CPU.ActiveCfg = Debug|Any CPU
		{FBC6255D-A704-49C0-B75C-63AE59571561}.Debug|Any CPU.Build.0 = Debug|Any CPU
		{FBC6255D-A704-49C0-B75C-63AE59571561}.Release|Any CPU.ActiveCfg = Release|Any CPU
		{FBC6255D-A704-49C0-B75C-63AE59571561}.Release|Any CPU.Build.0 = Release|Any CPU
		{C2970920-D302-45E6-8981-4A4F12C66105}.Debug|Any CPU.ActiveCfg = Debug|Any CPU
		{C2970920-D302-45E6-8981-4A4F12C66105}.Debug|Any CPU.Build.0 = Debug|Any CPU
		{C2970920-D302-45E6-8981-4A4F12C66105}.Release|Any CPU.ActiveCfg = Release|Any CPU
		{C2970920-D302-45E6-8981-4A4F12C66105}.Release|Any CPU.Build.0 = Release|Any CPU
		{F7430CB4-B2D8-4417-82B2-28BEBBB41003}.Debug|Any CPU.ActiveCfg = Debug|Any CPU
		{F7430CB4-B2D8-4417-82B2-28BEBBB41003}.Debug|Any CPU.Build.0 = Debug|Any CPU
		{F7430CB4-B2D8-4417-82B2-28BEBBB41003}.Release|Any CPU.ActiveCfg = Release|Any CPU
		{F7430CB4-B2D8-4417-82B2-28BEBBB41003}.Release|Any CPU.Build.0 = Release|Any CPU
		{81EA7942-C072-46CD-9166-096E1E00374D}.Debug|Any CPU.ActiveCfg = Debug|Any CPU
		{81EA7942-C072-46CD-9166-096E1E00374D}.Debug|Any CPU.Build.0 = Debug|Any CPU
		{81EA7942-C072-46CD-9166-096E1E00374D}.Release|Any CPU.ActiveCfg = Release|Any CPU
		{81EA7942-C072-46CD-9166-096E1E00374D}.Release|Any CPU.Build.0 = Release|Any CPU
		{8DAACAD3-6641-42BC-BEC6-E09558A6EFB8}.Debug|Any CPU.ActiveCfg = Debug|Any CPU
		{8DAACAD3-6641-42BC-BEC6-E09558A6EFB8}.Debug|Any CPU.Build.0 = Debug|Any CPU
		{8DAACAD3-6641-42BC-BEC6-E09558A6EFB8}.Release|Any CPU.ActiveCfg = Release|Any CPU
		{8DAACAD3-6641-42BC-BEC6-E09558A6EFB8}.Release|Any CPU.Build.0 = Release|Any CPU
		{FE38B5A7-E1D8-4766-9741-160C63423400}.Debug|Any CPU.ActiveCfg = Debug|Any CPU
		{FE38B5A7-E1D8-4766-9741-160C63423400}.Debug|Any CPU.Build.0 = Debug|Any CPU
		{FE38B5A7-E1D8-4766-9741-160C63423400}.Release|Any CPU.ActiveCfg = Release|Any CPU
		{FE38B5A7-E1D8-4766-9741-160C63423400}.Release|Any CPU.Build.0 = Release|Any CPU
		{10BACA07-B92A-4574-B9CB-442CB4E537DB}.Debug|Any CPU.ActiveCfg = Debug|Any CPU
		{10BACA07-B92A-4574-B9CB-442CB4E537DB}.Debug|Any CPU.Build.0 = Debug|Any CPU
		{10BACA07-B92A-4574-B9CB-442CB4E537DB}.Release|Any CPU.ActiveCfg = Release|Any CPU
		{10BACA07-B92A-4574-B9CB-442CB4E537DB}.Release|Any CPU.Build.0 = Release|Any CPU
		{BF8045CD-A457-4DEB-B6C3-A5F49A4B1B6D}.Debug|Any CPU.ActiveCfg = Debug|Any CPU
		{BF8045CD-A457-4DEB-B6C3-A5F49A4B1B6D}.Debug|Any CPU.Build.0 = Debug|Any CPU
		{BF8045CD-A457-4DEB-B6C3-A5F49A4B1B6D}.Release|Any CPU.ActiveCfg = Release|Any CPU
		{BF8045CD-A457-4DEB-B6C3-A5F49A4B1B6D}.Release|Any CPU.Build.0 = Release|Any CPU
		{DED4942A-F2A3-4AD7-95BB-72B333D7BC86}.Debug|Any CPU.ActiveCfg = Debug|Any CPU
		{DED4942A-F2A3-4AD7-95BB-72B333D7BC86}.Debug|Any CPU.Build.0 = Debug|Any CPU
		{DED4942A-F2A3-4AD7-95BB-72B333D7BC86}.Release|Any CPU.ActiveCfg = Release|Any CPU
		{DED4942A-F2A3-4AD7-95BB-72B333D7BC86}.Release|Any CPU.Build.0 = Release|Any CPU
		{F7DD14A4-18F2-4D48-8568-6171688AFD17}.Debug|Any CPU.ActiveCfg = Debug|Any CPU
		{F7DD14A4-18F2-4D48-8568-6171688AFD17}.Debug|Any CPU.Build.0 = Debug|Any CPU
		{F7DD14A4-18F2-4D48-8568-6171688AFD17}.Release|Any CPU.ActiveCfg = Release|Any CPU
		{F7DD14A4-18F2-4D48-8568-6171688AFD17}.Release|Any CPU.Build.0 = Release|Any CPU
		{9C9CB737-D046-47D8-BB21-960DB78FCEFB}.Debug|Any CPU.ActiveCfg = Debug|Any CPU
		{9C9CB737-D046-47D8-BB21-960DB78FCEFB}.Debug|Any CPU.Build.0 = Debug|Any CPU
		{9C9CB737-D046-47D8-BB21-960DB78FCEFB}.Release|Any CPU.ActiveCfg = Release|Any CPU
		{9C9CB737-D046-47D8-BB21-960DB78FCEFB}.Release|Any CPU.Build.0 = Release|Any CPU
		{78D913EA-B3FE-4E29-8DDF-94B3C512EFA4}.Debug|Any CPU.ActiveCfg = Debug|Any CPU
		{78D913EA-B3FE-4E29-8DDF-94B3C512EFA4}.Debug|Any CPU.Build.0 = Debug|Any CPU
		{78D913EA-B3FE-4E29-8DDF-94B3C512EFA4}.Release|Any CPU.ActiveCfg = Release|Any CPU
		{78D913EA-B3FE-4E29-8DDF-94B3C512EFA4}.Release|Any CPU.Build.0 = Release|Any CPU
		{B8C392C8-7E4F-49B7-867A-8B21D01A3B78}.Debug|Any CPU.ActiveCfg = Debug|Any CPU
		{B8C392C8-7E4F-49B7-867A-8B21D01A3B78}.Debug|Any CPU.Build.0 = Debug|Any CPU
		{B8C392C8-7E4F-49B7-867A-8B21D01A3B78}.Release|Any CPU.ActiveCfg = Release|Any CPU
		{B8C392C8-7E4F-49B7-867A-8B21D01A3B78}.Release|Any CPU.Build.0 = Release|Any CPU
		{5F49EFF6-196D-4653-87C1-1D09F2AFBC6C}.Debug|Any CPU.ActiveCfg = Debug|Any CPU
		{5F49EFF6-196D-4653-87C1-1D09F2AFBC6C}.Debug|Any CPU.Build.0 = Debug|Any CPU
		{5F49EFF6-196D-4653-87C1-1D09F2AFBC6C}.Release|Any CPU.ActiveCfg = Release|Any CPU
		{5F49EFF6-196D-4653-87C1-1D09F2AFBC6C}.Release|Any CPU.Build.0 = Release|Any CPU
		{32298A01-FE34-4061-807A-30C35FA7CD21}.Debug|Any CPU.ActiveCfg = Debug|Any CPU
		{32298A01-FE34-4061-807A-30C35FA7CD21}.Debug|Any CPU.Build.0 = Debug|Any CPU
		{32298A01-FE34-4061-807A-30C35FA7CD21}.Release|Any CPU.ActiveCfg = Release|Any CPU
		{32298A01-FE34-4061-807A-30C35FA7CD21}.Release|Any CPU.Build.0 = Release|Any CPU
		{642B3009-2D76-453B-AF87-1416C746A01E}.Debug|Any CPU.ActiveCfg = Debug|Any CPU
		{642B3009-2D76-453B-AF87-1416C746A01E}.Debug|Any CPU.Build.0 = Debug|Any CPU
		{642B3009-2D76-453B-AF87-1416C746A01E}.Release|Any CPU.ActiveCfg = Release|Any CPU
		{642B3009-2D76-453B-AF87-1416C746A01E}.Release|Any CPU.Build.0 = Release|Any CPU
		{A4AFFFB3-C04E-46A1-9078-42B5E686521B}.Debug|Any CPU.ActiveCfg = Debug|Any CPU
		{A4AFFFB3-C04E-46A1-9078-42B5E686521B}.Debug|Any CPU.Build.0 = Debug|Any CPU
		{A4AFFFB3-C04E-46A1-9078-42B5E686521B}.Release|Any CPU.ActiveCfg = Release|Any CPU
		{A4AFFFB3-C04E-46A1-9078-42B5E686521B}.Release|Any CPU.Build.0 = Release|Any CPU
		{33E2DF90-1AE2-474C-9745-5D7365EE4EAE}.Debug|Any CPU.ActiveCfg = Debug|Any CPU
		{33E2DF90-1AE2-474C-9745-5D7365EE4EAE}.Debug|Any CPU.Build.0 = Debug|Any CPU
		{33E2DF90-1AE2-474C-9745-5D7365EE4EAE}.Release|Any CPU.ActiveCfg = Release|Any CPU
		{33E2DF90-1AE2-474C-9745-5D7365EE4EAE}.Release|Any CPU.Build.0 = Release|Any CPU
		{7D49A5BC-5D4B-4878-8ED8-70E650D64EB2}.Debug|Any CPU.ActiveCfg = Debug|Any CPU
		{7D49A5BC-5D4B-4878-8ED8-70E650D64EB2}.Debug|Any CPU.Build.0 = Debug|Any CPU
		{7D49A5BC-5D4B-4878-8ED8-70E650D64EB2}.Release|Any CPU.ActiveCfg = Release|Any CPU
		{7D49A5BC-5D4B-4878-8ED8-70E650D64EB2}.Release|Any CPU.Build.0 = Release|Any CPU
		{F4D6681B-35FE-47E7-B41D-91CE4609A818}.Debug|Any CPU.ActiveCfg = Debug|Any CPU
		{F4D6681B-35FE-47E7-B41D-91CE4609A818}.Debug|Any CPU.Build.0 = Debug|Any CPU
		{F4D6681B-35FE-47E7-B41D-91CE4609A818}.Release|Any CPU.ActiveCfg = Release|Any CPU
		{F4D6681B-35FE-47E7-B41D-91CE4609A818}.Release|Any CPU.Build.0 = Release|Any CPU
		{FBF5F5B9-E591-45D1-88E5-22B91545BF09}.Debug|Any CPU.ActiveCfg = Debug|Any CPU
		{FBF5F5B9-E591-45D1-88E5-22B91545BF09}.Debug|Any CPU.Build.0 = Debug|Any CPU
		{FBF5F5B9-E591-45D1-88E5-22B91545BF09}.Release|Any CPU.ActiveCfg = Release|Any CPU
		{FBF5F5B9-E591-45D1-88E5-22B91545BF09}.Release|Any CPU.Build.0 = Release|Any CPU
		{D7912CEB-4637-44A6-89DC-5D0FF5942391}.Debug|Any CPU.ActiveCfg = Debug|Any CPU
		{D7912CEB-4637-44A6-89DC-5D0FF5942391}.Debug|Any CPU.Build.0 = Debug|Any CPU
		{D7912CEB-4637-44A6-89DC-5D0FF5942391}.Release|Any CPU.ActiveCfg = Release|Any CPU
		{D7912CEB-4637-44A6-89DC-5D0FF5942391}.Release|Any CPU.Build.0 = Release|Any CPU
	EndGlobalSection
	GlobalSection(SolutionProperties) = preSolution
		HideSolutionNode = FALSE
	EndGlobalSection
	GlobalSection(NestedProjects) = preSolution
		{CD3FF486-2636-44E9-A357-D593684166F3} = {092FCF5F-46E0-4C42-96B6-CEA36E988EC8}
		{651D122C-61E5-41EC-96C9-2F25530182F6} = {092FCF5F-46E0-4C42-96B6-CEA36E988EC8}
		{7896ABCA-0DC5-49FB-B2BA-32C85656DA5C} = {092FCF5F-46E0-4C42-96B6-CEA36E988EC8}
		{B8331EDF-C82C-4397-81FF-39036926CDFF} = {28E87852-E76C-437D-B820-64460B36E042}
		{B8A658FC-70BA-41DA-990B-26AF44C41C91} = {28E87852-E76C-437D-B820-64460B36E042}
		{A896E887-9367-4C91-9E53-16C353727296} = {28E87852-E76C-437D-B820-64460B36E042}
		{0BF65245-72D6-4284-8221-D88FAE1321D1} = {47D4898C-D171-4731-A2A2-1DF9F7779454}
		{5141B630-691D-49B4-9462-9E97D5C9E184} = {5561C2C8-0605-49B6-9487-B03EF2E3E09E}
		{2422BC4C-E06E-4F91-9D7C-D4D2982A8E67} = {5561C2C8-0605-49B6-9487-B03EF2E3E09E}
		{4DF93D7B-78E5-4799-BB35-9C2AAEDB1632} = {737B6B74-5356-4552-BF34-D2EA5C733339}
		{4A81321F-0A7D-4DE5-A361-17061AC69EF2} = {9AF1BDF8-3B94-45D2-9DE2-3ADA0F630465}
		{75D4CD87-6D02-4F22-AEF0-1F1BCC174F06} = {4A81321F-0A7D-4DE5-A361-17061AC69EF2}
		{D85E0B50-7979-487D-81DA-E635E4FAC4C1} = {4A81321F-0A7D-4DE5-A361-17061AC69EF2}
		{F9099EF3-2BF1-41B4-863B-2FAFC563A91A} = {4A81321F-0A7D-4DE5-A361-17061AC69EF2}
		{19301B9B-C457-4A36-AD25-56A2400CEB08} = {9AF1BDF8-3B94-45D2-9DE2-3ADA0F630465}
		{FBC6255D-A704-49C0-B75C-63AE59571561} = {19301B9B-C457-4A36-AD25-56A2400CEB08}
		{C2970920-D302-45E6-8981-4A4F12C66105} = {19301B9B-C457-4A36-AD25-56A2400CEB08}
		{F7430CB4-B2D8-4417-82B2-28BEBBB41003} = {19301B9B-C457-4A36-AD25-56A2400CEB08}
		{81EA7942-C072-46CD-9166-096E1E00374D} = {12EC15C7-F10E-49E9-ACED-EA1B9F4D63A8}
		{8DAACAD3-6641-42BC-BEC6-E09558A6EFB8} = {737B6B74-5356-4552-BF34-D2EA5C733339}
		{FE38B5A7-E1D8-4766-9741-160C63423400} = {737B6B74-5356-4552-BF34-D2EA5C733339}
		{10BACA07-B92A-4574-B9CB-442CB4E537DB} = {F69CFBCC-833E-47BA-B8D8-E35F65F59F47}
		{BF8045CD-A457-4DEB-B6C3-A5F49A4B1B6D} = {9AF1BDF8-3B94-45D2-9DE2-3ADA0F630465}
		{DED4942A-F2A3-4AD7-95BB-72B333D7BC86} = {A3C376D4-D155-4672-A47E-B02FBEAD2467}
		{FB8927FF-8892-4DA0-A973-0646FA98E41C} = {9AF1BDF8-3B94-45D2-9DE2-3ADA0F630465}
		{F7DD14A4-18F2-4D48-8568-6171688AFD17} = {FB8927FF-8892-4DA0-A973-0646FA98E41C}
		{9C9CB737-D046-47D8-BB21-960DB78FCEFB} = {FB8927FF-8892-4DA0-A973-0646FA98E41C}
		{78D913EA-B3FE-4E29-8DDF-94B3C512EFA4} = {FB8927FF-8892-4DA0-A973-0646FA98E41C}
		{34C643E2-7DE1-4CEA-91F6-51E721C9D7C5} = {33BADF46-ABF0-449A-8ACD-08F1AFE65D03}
		{73BBCDAF-D9F6-47C1-BFD8-93444CCFB3B2} = {34C643E2-7DE1-4CEA-91F6-51E721C9D7C5}
		{B8C392C8-7E4F-49B7-867A-8B21D01A3B78} = {73BBCDAF-D9F6-47C1-BFD8-93444CCFB3B2}
		{5F49EFF6-196D-4653-87C1-1D09F2AFBC6C} = {47D4898C-D171-4731-A2A2-1DF9F7779454}
		{32298A01-FE34-4061-807A-30C35FA7CD21} = {9AF1BDF8-3B94-45D2-9DE2-3ADA0F630465}
		{50146002-50E3-4CC3-A5F6-26997AADD05F} = {9AF1BDF8-3B94-45D2-9DE2-3ADA0F630465}
		{642B3009-2D76-453B-AF87-1416C746A01E} = {50146002-50E3-4CC3-A5F6-26997AADD05F}
		{A4AFFFB3-C04E-46A1-9078-42B5E686521B} = {50146002-50E3-4CC3-A5F6-26997AADD05F}
		{33E2DF90-1AE2-474C-9745-5D7365EE4EAE} = {734692C4-CCED-4B2D-B62F-222BF1360E23}
		{7D49A5BC-5D4B-4878-8ED8-70E650D64EB2} = {734692C4-CCED-4B2D-B62F-222BF1360E23}
		{F4D6681B-35FE-47E7-B41D-91CE4609A818} = {734692C4-CCED-4B2D-B62F-222BF1360E23}
		{FBF5F5B9-E591-45D1-88E5-22B91545BF09} = {FCF45815-3DF4-4EC1-8ED8-B697DBB16D1D}
		{D7912CEB-4637-44A6-89DC-5D0FF5942391} = {FCF45815-3DF4-4EC1-8ED8-B697DBB16D1D}
	EndGlobalSection
	GlobalSection(ExtensibilityGlobals) = postSolution
		SolutionGuid = {A02BEFA1-73D8-435F-8D33-C1AB99ACD5C2}
	EndGlobalSection
EndGlobal
