
Microsoft Visual Studio Solution File, Format Version 12.00
# Visual Studio Version 16
VisualStudioVersion = 16.0.29911.98
MinimumVisualStudioVersion = 10.0.40219.1
Project("{2150E333-8FDC-42A3-9474-1A3956D46DE8}") = "dispensing", "dispensing", "{092FCF5F-46E0-4C42-96B6-CEA36E988EC8}"
	ProjectSection(SolutionItems) = preProject
		Readme.txt = Readme.txt
	EndProjectSection
EndProject
Project("{9A19103F-16F7-4668-BE54-9A1E7A4F7556}") = "Filuet.ASC.Kiosk.OnBoard.Dispensing.Abstractions", "Dispensing\Abstractions\Filuet.ASC.Kiosk.OnBoard.Dispensing.Abstractions.csproj", "{CD3FF486-2636-44E9-A357-D593684166F3}"
EndProject
Project("{2150E333-8FDC-42A3-9474-1A3956D46DE8}") = "common", "common", "{47D4898C-D171-4731-A2A2-1DF9F7779454}"
EndProject
Project("{9A19103F-16F7-4668-BE54-9A1E7A4F7556}") = "Filuet.ASC.Kiosk.OnBoard.Common.Abstractions", "Common\Abstractions\Filuet.ASC.Kiosk.OnBoard.Common.Abstractions.csproj", "{A6A899BE-E2AD-4E33-8AB6-59A088D95089}"
EndProject
Project("{9A19103F-16F7-4668-BE54-9A1E7A4F7556}") = "Filuet.ASC.Kiosk.OnBoard.Dispensing.Tests", "Dispensing\Tests\Filuet.ASC.Kiosk.OnBoard.Dispensing.Tests.csproj", "{651D122C-61E5-41EC-96C9-2F25530182F6}"
EndProject
Project("{9A19103F-16F7-4668-BE54-9A1E7A4F7556}") = "Filuet.ASC.Kiosk.OnBoard.Dispensing.Core", "Dispensing\Core\Filuet.ASC.Kiosk.OnBoard.Dispensing.Core.csproj", "{7896ABCA-0DC5-49FB-B2BA-32C85656DA5C}"
EndProject
Project("{2150E333-8FDC-42A3-9474-1A3956D46DE8}") = "storage", "storage", "{28E87852-E76C-437D-B820-64460B36E042}"
EndProject
Project("{9A19103F-16F7-4668-BE54-9A1E7A4F7556}") = "Filuet.ASC.Kiosk.OnBoard.Storage.Abstractions", "Storage\Abstractions\Filuet.ASC.Kiosk.OnBoard.Storage.Abstractions.csproj", "{B8331EDF-C82C-4397-81FF-39036926CDFF}"
EndProject
Project("{9A19103F-16F7-4668-BE54-9A1E7A4F7556}") = "Filuet.ASC.Kiosk.OnBoard.Storage.Core", "Storage\Core\Filuet.ASC.Kiosk.OnBoard.Storage.Core.csproj", "{B8A658FC-70BA-41DA-990B-26AF44C41C91}"
EndProject
Project("{9A19103F-16F7-4668-BE54-9A1E7A4F7556}") = "Filuet.ASC.Kiosk.OnBoard.Storage.Tests", "Storage\Tests\Filuet.ASC.Kiosk.OnBoard.Storage.Tests.csproj", "{A896E887-9367-4C91-9E53-16C353727296}"
EndProject
Project("{2150E333-8FDC-42A3-9474-1A3956D46DE8}") = "kernel", "kernel", "{737B6B74-5356-4552-BF34-D2EA5C733339}"
EndProject
Project("{9A19103F-16F7-4668-BE54-9A1E7A4F7556}") = "Filuet.ASC.Kiosk.OnBoard.Common.Platform", "Common\Platform\Filuet.ASC.Kiosk.OnBoard.Common.Platform.csproj", "{0BF65245-72D6-4284-8221-D88FAE1321D1}"
EndProject
Project("{2150E333-8FDC-42A3-9474-1A3956D46DE8}") = "maintenance", "maintenance", "{5561C2C8-0605-49B6-9487-B03EF2E3E09E}"
EndProject
Project("{9A19103F-16F7-4668-BE54-9A1E7A4F7556}") = "Filuet.ASC.OnBoard.Dashboard.Client", "Maintenance\Dashboard\Client\Filuet.ASC.OnBoard.Dashboard.Client.csproj", "{5141B630-691D-49B4-9462-9E97D5C9E184}"
EndProject
Project("{9A19103F-16F7-4668-BE54-9A1E7A4F7556}") = "Filuet.ASC.OnBoard.Dashboard.Shared", "Maintenance\Dashboard\Shared\Filuet.ASC.OnBoard.Dashboard.Shared.csproj", "{2422BC4C-E06E-4F91-9D7C-D4D2982A8E67}"
EndProject
Project("{9A19103F-16F7-4668-BE54-9A1E7A4F7556}") = "Filuet.ASC.OnBoard.Kernel.HostApp", "Kernel\Host\Filuet.ASC.OnBoard.Kernel.HostApp.csproj", "{4DF93D7B-78E5-4799-BB35-9C2AAEDB1632}"
EndProject
Project("{2150E333-8FDC-42A3-9474-1A3956D46DE8}") = "cashbox", "cashbox", "{99C989CA-9E1E-47D4-AFCD-9EB7C4958FD1}"
EndProject
Project("{2150E333-8FDC-42A3-9474-1A3956D46DE8}") = "cashless", "cashless", "{13B0F8B9-3941-47E7-9C45-AC2B00868A55}"
EndProject
Project("{2150E333-8FDC-42A3-9474-1A3956D46DE8}") = "payment", "payment", "{D1B45955-087A-4C4B-B7D9-E607624F95D8}"
EndProject
Project("{9A19103F-16F7-4668-BE54-9A1E7A4F7556}") = "Filuet.ASC.OnBoard.Payment.Abstractions", "Payment\Abstractions\Filuet.ASC.OnBoard.Payment.Abstractions.csproj", "{BB3BAB7F-20EE-41AF-90AB-98600303DED5}"
EndProject
Project("{9A19103F-16F7-4668-BE54-9A1E7A4F7556}") = "Filuet.ASC.OnBoard.Kernel.Core", "Kernel\Core\Filuet.ASC.OnBoard.Kernel.Core.csproj", "{80C6F1EB-F202-469A-8ACD-8151993993BD}"
EndProject
Project("{2150E333-8FDC-42A3-9474-1A3956D46DE8}") = "fiscal", "fiscal", "{927B3AD2-BD5B-4CAF-A24B-CCD1F7962842}"
EndProject
Project("{2150E333-8FDC-42A3-9474-1A3956D46DE8}") = "printer", "printer", "{59F9E911-C673-485D-A8C1-433F18BEF0D3}"
EndProject
Project("{9A19103F-16F7-4668-BE54-9A1E7A4F7556}") = "Filuet.ASC.Kiosk.OnBoard.Printer.Abstractions", "Printer\Abstractions\Filuet.ASC.Kiosk.OnBoard.Printer.Abstractions.csproj", "{E7A81B98-49F9-446E-AEB2-5AFAA714A58D}"
EndProject
Project("{9A19103F-16F7-4668-BE54-9A1E7A4F7556}") = "Filuet.ASC.OnBoard.Fiscal.Abstractions", "Fiscal\Abstractions\Filuet.ASC.OnBoard.Fiscal.Abstractions.csproj", "{5CEAE973-0BA2-4490-85D3-05B39FAE4A8C}"
EndProject
Project("{2150E333-8FDC-42A3-9474-1A3956D46DE8}") = "order", "order", "{DCC0EC1E-3E66-42D6-ACF0-9A1A1DE8602B}"
EndProject
Project("{9A19103F-16F7-4668-BE54-9A1E7A4F7556}") = "Filuet.ASC.Kiosk.OnBoard.Order.Abstractions", "Order\Abstractions\Filuet.ASC.Kiosk.OnBoard.Order.Abstractions.csproj", "{C0B5D61E-4ACF-44EA-AD95-4A2A49D81FE9}"
EndProject
Project("{FAE04EC0-301F-11D3-BF4B-00C04F79EFBC}") = "Filuet.ASC.OnBoard.Kernel.Test", "Kernel\Test\Filuet.ASC.OnBoard.Kernel.Test.csproj", "{0570C36B-08AA-4549-829F-02BB77374E62}"
EndProject
Global
	GlobalSection(SolutionConfigurationPlatforms) = preSolution
		Debug|Any CPU = Debug|Any CPU
		Release|Any CPU = Release|Any CPU
	EndGlobalSection
	GlobalSection(ProjectConfigurationPlatforms) = postSolution
		{CD3FF486-2636-44E9-A357-D593684166F3}.Debug|Any CPU.ActiveCfg = Debug|Any CPU
		{CD3FF486-2636-44E9-A357-D593684166F3}.Debug|Any CPU.Build.0 = Debug|Any CPU
		{CD3FF486-2636-44E9-A357-D593684166F3}.Release|Any CPU.ActiveCfg = Release|Any CPU
		{CD3FF486-2636-44E9-A357-D593684166F3}.Release|Any CPU.Build.0 = Release|Any CPU
		{A6A899BE-E2AD-4E33-8AB6-59A088D95089}.Debug|Any CPU.ActiveCfg = Debug|Any CPU
		{A6A899BE-E2AD-4E33-8AB6-59A088D95089}.Debug|Any CPU.Build.0 = Debug|Any CPU
		{A6A899BE-E2AD-4E33-8AB6-59A088D95089}.Release|Any CPU.ActiveCfg = Release|Any CPU
		{A6A899BE-E2AD-4E33-8AB6-59A088D95089}.Release|Any CPU.Build.0 = Release|Any CPU
		{651D122C-61E5-41EC-96C9-2F25530182F6}.Debug|Any CPU.ActiveCfg = Debug|Any CPU
		{651D122C-61E5-41EC-96C9-2F25530182F6}.Debug|Any CPU.Build.0 = Debug|Any CPU
		{651D122C-61E5-41EC-96C9-2F25530182F6}.Release|Any CPU.ActiveCfg = Release|Any CPU
		{651D122C-61E5-41EC-96C9-2F25530182F6}.Release|Any CPU.Build.0 = Release|Any CPU
		{7896ABCA-0DC5-49FB-B2BA-32C85656DA5C}.Debug|Any CPU.ActiveCfg = Debug|Any CPU
		{7896ABCA-0DC5-49FB-B2BA-32C85656DA5C}.Debug|Any CPU.Build.0 = Debug|Any CPU
		{7896ABCA-0DC5-49FB-B2BA-32C85656DA5C}.Release|Any CPU.ActiveCfg = Release|Any CPU
		{7896ABCA-0DC5-49FB-B2BA-32C85656DA5C}.Release|Any CPU.Build.0 = Release|Any CPU
		{B8331EDF-C82C-4397-81FF-39036926CDFF}.Debug|Any CPU.ActiveCfg = Debug|Any CPU
		{B8331EDF-C82C-4397-81FF-39036926CDFF}.Debug|Any CPU.Build.0 = Debug|Any CPU
		{B8331EDF-C82C-4397-81FF-39036926CDFF}.Release|Any CPU.ActiveCfg = Release|Any CPU
		{B8331EDF-C82C-4397-81FF-39036926CDFF}.Release|Any CPU.Build.0 = Release|Any CPU
		{B8A658FC-70BA-41DA-990B-26AF44C41C91}.Debug|Any CPU.ActiveCfg = Debug|Any CPU
		{B8A658FC-70BA-41DA-990B-26AF44C41C91}.Debug|Any CPU.Build.0 = Debug|Any CPU
		{B8A658FC-70BA-41DA-990B-26AF44C41C91}.Release|Any CPU.ActiveCfg = Release|Any CPU
		{B8A658FC-70BA-41DA-990B-26AF44C41C91}.Release|Any CPU.Build.0 = Release|Any CPU
		{A896E887-9367-4C91-9E53-16C353727296}.Debug|Any CPU.ActiveCfg = Debug|Any CPU
		{A896E887-9367-4C91-9E53-16C353727296}.Debug|Any CPU.Build.0 = Debug|Any CPU
		{A896E887-9367-4C91-9E53-16C353727296}.Release|Any CPU.ActiveCfg = Release|Any CPU
		{A896E887-9367-4C91-9E53-16C353727296}.Release|Any CPU.Build.0 = Release|Any CPU
		{0BF65245-72D6-4284-8221-D88FAE1321D1}.Debug|Any CPU.ActiveCfg = Debug|Any CPU
		{0BF65245-72D6-4284-8221-D88FAE1321D1}.Debug|Any CPU.Build.0 = Debug|Any CPU
		{0BF65245-72D6-4284-8221-D88FAE1321D1}.Release|Any CPU.ActiveCfg = Release|Any CPU
		{0BF65245-72D6-4284-8221-D88FAE1321D1}.Release|Any CPU.Build.0 = Release|Any CPU
		{5141B630-691D-49B4-9462-9E97D5C9E184}.Debug|Any CPU.ActiveCfg = Debug|Any CPU
		{5141B630-691D-49B4-9462-9E97D5C9E184}.Debug|Any CPU.Build.0 = Debug|Any CPU
		{5141B630-691D-49B4-9462-9E97D5C9E184}.Release|Any CPU.ActiveCfg = Release|Any CPU
		{5141B630-691D-49B4-9462-9E97D5C9E184}.Release|Any CPU.Build.0 = Release|Any CPU
		{2422BC4C-E06E-4F91-9D7C-D4D2982A8E67}.Debug|Any CPU.ActiveCfg = Debug|Any CPU
		{2422BC4C-E06E-4F91-9D7C-D4D2982A8E67}.Debug|Any CPU.Build.0 = Debug|Any CPU
		{2422BC4C-E06E-4F91-9D7C-D4D2982A8E67}.Release|Any CPU.ActiveCfg = Release|Any CPU
		{2422BC4C-E06E-4F91-9D7C-D4D2982A8E67}.Release|Any CPU.Build.0 = Release|Any CPU
		{4DF93D7B-78E5-4799-BB35-9C2AAEDB1632}.Debug|Any CPU.ActiveCfg = Debug|Any CPU
		{4DF93D7B-78E5-4799-BB35-9C2AAEDB1632}.Debug|Any CPU.Build.0 = Debug|Any CPU
		{4DF93D7B-78E5-4799-BB35-9C2AAEDB1632}.Release|Any CPU.ActiveCfg = Release|Any CPU
		{4DF93D7B-78E5-4799-BB35-9C2AAEDB1632}.Release|Any CPU.Build.0 = Release|Any CPU
		{BB3BAB7F-20EE-41AF-90AB-98600303DED5}.Debug|Any CPU.ActiveCfg = Debug|Any CPU
		{BB3BAB7F-20EE-41AF-90AB-98600303DED5}.Debug|Any CPU.Build.0 = Debug|Any CPU
		{BB3BAB7F-20EE-41AF-90AB-98600303DED5}.Release|Any CPU.ActiveCfg = Release|Any CPU
		{BB3BAB7F-20EE-41AF-90AB-98600303DED5}.Release|Any CPU.Build.0 = Release|Any CPU
		{80C6F1EB-F202-469A-8ACD-8151993993BD}.Debug|Any CPU.ActiveCfg = Debug|Any CPU
		{80C6F1EB-F202-469A-8ACD-8151993993BD}.Debug|Any CPU.Build.0 = Debug|Any CPU
		{80C6F1EB-F202-469A-8ACD-8151993993BD}.Release|Any CPU.ActiveCfg = Release|Any CPU
		{80C6F1EB-F202-469A-8ACD-8151993993BD}.Release|Any CPU.Build.0 = Release|Any CPU
		{E7A81B98-49F9-446E-AEB2-5AFAA714A58D}.Debug|Any CPU.ActiveCfg = Debug|Any CPU
		{E7A81B98-49F9-446E-AEB2-5AFAA714A58D}.Debug|Any CPU.Build.0 = Debug|Any CPU
		{E7A81B98-49F9-446E-AEB2-5AFAA714A58D}.Release|Any CPU.ActiveCfg = Release|Any CPU
		{E7A81B98-49F9-446E-AEB2-5AFAA714A58D}.Release|Any CPU.Build.0 = Release|Any CPU
		{5CEAE973-0BA2-4490-85D3-05B39FAE4A8C}.Debug|Any CPU.ActiveCfg = Debug|Any CPU
		{5CEAE973-0BA2-4490-85D3-05B39FAE4A8C}.Debug|Any CPU.Build.0 = Debug|Any CPU
		{5CEAE973-0BA2-4490-85D3-05B39FAE4A8C}.Release|Any CPU.ActiveCfg = Release|Any CPU
		{5CEAE973-0BA2-4490-85D3-05B39FAE4A8C}.Release|Any CPU.Build.0 = Release|Any CPU
		{C0B5D61E-4ACF-44EA-AD95-4A2A49D81FE9}.Debug|Any CPU.ActiveCfg = Debug|Any CPU
		{C0B5D61E-4ACF-44EA-AD95-4A2A49D81FE9}.Debug|Any CPU.Build.0 = Debug|Any CPU
		{C0B5D61E-4ACF-44EA-AD95-4A2A49D81FE9}.Release|Any CPU.ActiveCfg = Release|Any CPU
		{C0B5D61E-4ACF-44EA-AD95-4A2A49D81FE9}.Release|Any CPU.Build.0 = Release|Any CPU
		{0570C36B-08AA-4549-829F-02BB77374E62}.Debug|Any CPU.ActiveCfg = Debug|Any CPU
		{0570C36B-08AA-4549-829F-02BB77374E62}.Debug|Any CPU.Build.0 = Debug|Any CPU
		{0570C36B-08AA-4549-829F-02BB77374E62}.Release|Any CPU.ActiveCfg = Release|Any CPU
		{0570C36B-08AA-4549-829F-02BB77374E62}.Release|Any CPU.Build.0 = Release|Any CPU
	EndGlobalSection
	GlobalSection(SolutionProperties) = preSolution
		HideSolutionNode = FALSE
	EndGlobalSection
	GlobalSection(NestedProjects) = preSolution
		{CD3FF486-2636-44E9-A357-D593684166F3} = {092FCF5F-46E0-4C42-96B6-CEA36E988EC8}
		{A6A899BE-E2AD-4E33-8AB6-59A088D95089} = {47D4898C-D171-4731-A2A2-1DF9F7779454}
		{651D122C-61E5-41EC-96C9-2F25530182F6} = {092FCF5F-46E0-4C42-96B6-CEA36E988EC8}
		{7896ABCA-0DC5-49FB-B2BA-32C85656DA5C} = {092FCF5F-46E0-4C42-96B6-CEA36E988EC8}
		{B8331EDF-C82C-4397-81FF-39036926CDFF} = {28E87852-E76C-437D-B820-64460B36E042}
		{B8A658FC-70BA-41DA-990B-26AF44C41C91} = {28E87852-E76C-437D-B820-64460B36E042}
		{A896E887-9367-4C91-9E53-16C353727296} = {28E87852-E76C-437D-B820-64460B36E042}
		{0BF65245-72D6-4284-8221-D88FAE1321D1} = {47D4898C-D171-4731-A2A2-1DF9F7779454}
		{5141B630-691D-49B4-9462-9E97D5C9E184} = {5561C2C8-0605-49B6-9487-B03EF2E3E09E}
		{2422BC4C-E06E-4F91-9D7C-D4D2982A8E67} = {5561C2C8-0605-49B6-9487-B03EF2E3E09E}
		{4DF93D7B-78E5-4799-BB35-9C2AAEDB1632} = {737B6B74-5356-4552-BF34-D2EA5C733339}
		{99C989CA-9E1E-47D4-AFCD-9EB7C4958FD1} = {D1B45955-087A-4C4B-B7D9-E607624F95D8}
		{13B0F8B9-3941-47E7-9C45-AC2B00868A55} = {D1B45955-087A-4C4B-B7D9-E607624F95D8}
		{BB3BAB7F-20EE-41AF-90AB-98600303DED5} = {D1B45955-087A-4C4B-B7D9-E607624F95D8}
		{80C6F1EB-F202-469A-8ACD-8151993993BD} = {737B6B74-5356-4552-BF34-D2EA5C733339}
		{E7A81B98-49F9-446E-AEB2-5AFAA714A58D} = {59F9E911-C673-485D-A8C1-433F18BEF0D3}
		{5CEAE973-0BA2-4490-85D3-05B39FAE4A8C} = {927B3AD2-BD5B-4CAF-A24B-CCD1F7962842}
		{C0B5D61E-4ACF-44EA-AD95-4A2A49D81FE9} = {DCC0EC1E-3E66-42D6-ACF0-9A1A1DE8602B}
		{0570C36B-08AA-4549-829F-02BB77374E62} = {737B6B74-5356-4552-BF34-D2EA5C733339}
	EndGlobalSection
	GlobalSection(ExtensibilityGlobals) = postSolution
		SolutionGuid = {A02BEFA1-73D8-435F-8D33-C1AB99ACD5C2}
	EndGlobalSection
EndGlobal
