
Microsoft Visual Studio Solution File, Format Version 12.00
# Visual Studio Version 16
VisualStudioVersion = 16.0.29911.98
MinimumVisualStudioVersion = 10.0.40219.1
Project("{2150E333-8FDC-42A3-9474-1A3956D46DE8}") = "dispensing", "dispensing", "{092FCF5F-46E0-4C42-96B6-CEA36E988EC8}"
	ProjectSection(SolutionItems) = preProject
		Readme.txt = Readme.txt
	EndProjectSection
EndProject
Project("{9A19103F-16F7-4668-BE54-9A1E7A4F7556}") = "Filuet.ASC.Kiosk.OnBoard.Dispensing.Abstractions", "Dispensing\Abstractions\Filuet.ASC.Kiosk.OnBoard.Dispensing.Abstractions.csproj", "{CD3FF486-2636-44E9-A357-D593684166F3}"
EndProject
Project("{2150E333-8FDC-42A3-9474-1A3956D46DE8}") = "common", "common", "{47D4898C-D171-4731-A2A2-1DF9F7779454}"
EndProject
Project("{9A19103F-16F7-4668-BE54-9A1E7A4F7556}") = "Filuet.ASC.Kiosk.OnBoard.Common.Abstractions", "Common\Abstractions\Filuet.ASC.Kiosk.OnBoard.Common.Abstractions.csproj", "{A6A899BE-E2AD-4E33-8AB6-59A088D95089}"
EndProject
Project("{9A19103F-16F7-4668-BE54-9A1E7A4F7556}") = "Filuet.ASC.Kiosk.OnBoard.Dispensing.Tests", "Dispensing\Tests\Filuet.ASC.Kiosk.OnBoard.Dispensing.Tests.csproj", "{651D122C-61E5-41EC-96C9-2F25530182F6}"
EndProject
Project("{9A19103F-16F7-4668-BE54-9A1E7A4F7556}") = "Filuet.ASC.Kiosk.OnBoard.Dispensing.Core", "Dispensing\Core\Filuet.ASC.Kiosk.OnBoard.Dispensing.Core.csproj", "{7896ABCA-0DC5-49FB-B2BA-32C85656DA5C}"
EndProject
Project("{2150E333-8FDC-42A3-9474-1A3956D46DE8}") = "storage", "storage", "{28E87852-E76C-437D-B820-64460B36E042}"
EndProject
Project("{9A19103F-16F7-4668-BE54-9A1E7A4F7556}") = "Filuet.ASC.Kiosk.OnBoard.Storage.Abstractions", "Storage\Abstractions\Filuet.ASC.Kiosk.OnBoard.Storage.Abstractions.csproj", "{B8331EDF-C82C-4397-81FF-39036926CDFF}"
EndProject
Project("{9A19103F-16F7-4668-BE54-9A1E7A4F7556}") = "Filuet.ASC.Kiosk.OnBoard.Storage.Core", "Storage\Core\Filuet.ASC.Kiosk.OnBoard.Storage.Core.csproj", "{B8A658FC-70BA-41DA-990B-26AF44C41C91}"
EndProject
Project("{9A19103F-16F7-4668-BE54-9A1E7A4F7556}") = "Filuet.ASC.Kiosk.OnBoard.Storage.Tests", "Storage\Tests\Filuet.ASC.Kiosk.OnBoard.Storage.Tests.csproj", "{A896E887-9367-4C91-9E53-16C353727296}"
EndProject
Project("{2150E333-8FDC-42A3-9474-1A3956D46DE8}") = "kernel", "kernel", "{737B6B74-5356-4552-BF34-D2EA5C733339}"
EndProject
Project("{9A19103F-16F7-4668-BE54-9A1E7A4F7556}") = "Filuet.ASC.Kiosk.OnBoard.Common.Platform", "Common\Platform\Filuet.ASC.Kiosk.OnBoard.Common.Platform.csproj", "{0BF65245-72D6-4284-8221-D88FAE1321D1}"
EndProject
Project("{2150E333-8FDC-42A3-9474-1A3956D46DE8}") = "maintenance", "maintenance", "{5561C2C8-0605-49B6-9487-B03EF2E3E09E}"
EndProject
Project("{9A19103F-16F7-4668-BE54-9A1E7A4F7556}") = "Filuet.ASC.OnBoard.Dashboard.Client", "Maintenance\Dashboard\Client\Filuet.ASC.OnBoard.Dashboard.Client.csproj", "{5141B630-691D-49B4-9462-9E97D5C9E184}"
EndProject
Project("{9A19103F-16F7-4668-BE54-9A1E7A4F7556}") = "Filuet.ASC.OnBoard.Dashboard.Shared", "Maintenance\Dashboard\Shared\Filuet.ASC.OnBoard.Dashboard.Shared.csproj", "{2422BC4C-E06E-4F91-9D7C-D4D2982A8E67}"
EndProject
Project("{9A19103F-16F7-4668-BE54-9A1E7A4F7556}") = "Filuet.ASC.OnBoard.Kernel.HostApp", "Kernel\Host\Filuet.ASC.OnBoard.Kernel.HostApp.csproj", "{4DF93D7B-78E5-4799-BB35-9C2AAEDB1632}"
EndProject
Project("{2150E333-8FDC-42A3-9474-1A3956D46DE8}") = "payment", "payment", "{9AF1BDF8-3B94-45D2-9DE2-3ADA0F630465}"
EndProject
Project("{2150E333-8FDC-42A3-9474-1A3956D46DE8}") = "cashbox", "cashbox", "{4A81321F-0A7D-4DE5-A361-17061AC69EF2}"
EndProject
Project("{9A19103F-16F7-4668-BE54-9A1E7A4F7556}") = "Filuet.ASC.Kiosk.OnBoard.Cashbox.Abstractions", "Payment\Cashbox\Filuet.ASC.Kiosk.OnBoard.Cashbox.Abstractions\Filuet.ASC.Kiosk.OnBoard.Cashbox.Abstractions.csproj", "{75D4CD87-6D02-4F22-AEF0-1F1BCC174F06}"
EndProject
Project("{9A19103F-16F7-4668-BE54-9A1E7A4F7556}") = "Filuet.ASC.Kiosk.OnBoard.Cashbox.Core", "Payment\Cashbox\Filuet.ASC.Kiosk.OnBoard.Cashbox.Core\Filuet.ASC.Kiosk.OnBoard.Cashbox.Core.csproj", "{D85E0B50-7979-487D-81DA-E635E4FAC4C1}"
EndProject
Project("{9A19103F-16F7-4668-BE54-9A1E7A4F7556}") = "Filuet.ASC.Kiosk.OnBoard.Cashbox.Tests", "Payment\Cashbox\Filuet.ASC.Kiosk.OnBoard.Cashbox.Tests\Filuet.ASC.Kiosk.OnBoard.Cashbox.Tests.csproj", "{F9099EF3-2BF1-41B4-863B-2FAFC563A91A}"
EndProject
Project("{2150E333-8FDC-42A3-9474-1A3956D46DE8}") = "cashless", "cashless", "{19301B9B-C457-4A36-AD25-56A2400CEB08}"
EndProject
Project("{9A19103F-16F7-4668-BE54-9A1E7A4F7556}") = "Filuet.ASC.Kiosk.OnBoard.Cashless.Abstractions", "Payment\Cashless\Filuet.ASC.Kiosk.OnBoard.Cashless.Abstractions\Filuet.ASC.Kiosk.OnBoard.Cashless.Abstractions.csproj", "{FBC6255D-A704-49C0-B75C-63AE59571561}"
EndProject
Project("{9A19103F-16F7-4668-BE54-9A1E7A4F7556}") = "Filuet.ASC.Kiosk.OnBoard.Cashless.Core", "Payment\Cashless\Filuet.ASC.Kiosk.OnBoard.Core\Filuet.ASC.Kiosk.OnBoard.Cashless.Core.csproj", "{C2970920-D302-45E6-8981-4A4F12C66105}"
EndProject
Project("{9A19103F-16F7-4668-BE54-9A1E7A4F7556}") = "Filuet.ASC.Kiosk.OnBoard.Cashless.Tests", "Payment\Cashless\Filuet.ASC.Kiosk.OnBoard.Cashless.Tests\Filuet.ASC.Kiosk.OnBoard.Cashless.Tests.csproj", "{F7430CB4-B2D8-4417-82B2-28BEBBB41003}"
EndProject
Project("{2150E333-8FDC-42A3-9474-1A3956D46DE8}") = "fiscal", "fiscal", "{12EC15C7-F10E-49E9-ACED-EA1B9F4D63A8}"
EndProject
Project("{9A19103F-16F7-4668-BE54-9A1E7A4F7556}") = "Filuet.ASC.OnBoard.Fiscal.Abstractions", "Fiscal\Abstractions\Filuet.ASC.OnBoard.Fiscal.Abstractions.csproj", "{81EA7942-C072-46CD-9166-096E1E00374D}"
EndProject
Project("{9A19103F-16F7-4668-BE54-9A1E7A4F7556}") = "Filuet.ASC.OnBoard.Kernel.Core", "Kernel\Core\Filuet.ASC.OnBoard.Kernel.Core.csproj", "{8DAACAD3-6641-42BC-BEC6-E09558A6EFB8}"
EndProject
Project("{9A19103F-16F7-4668-BE54-9A1E7A4F7556}") = "Filuet.ASC.OnBoard.Kernel.Test", "Kernel\Test\Filuet.ASC.OnBoard.Kernel.Test.csproj", "{FE38B5A7-E1D8-4766-9741-160C63423400}"
EndProject
Project("{2150E333-8FDC-42A3-9474-1A3956D46DE8}") = "order", "order", "{F69CFBCC-833E-47BA-B8D8-E35F65F59F47}"
EndProject
Project("{9A19103F-16F7-4668-BE54-9A1E7A4F7556}") = "Filuet.ASC.Kiosk.OnBoard.Order.Abstractions", "Order\Abstractions\Filuet.ASC.Kiosk.OnBoard.Order.Abstractions.csproj", "{10BACA07-B92A-4574-B9CB-442CB4E537DB}"
EndProject
Project("{9A19103F-16F7-4668-BE54-9A1E7A4F7556}") = "Filuet.ASC.OnBoard.Payment.Abstractions", "Payment\Abstractions\Filuet.ASC.OnBoard.Payment.Abstractions.csproj", "{BF8045CD-A457-4DEB-B6C3-A5F49A4B1B6D}"
EndProject
Project("{2150E333-8FDC-42A3-9474-1A3956D46DE8}") = "printer", "printer", "{A3C376D4-D155-4672-A47E-B02FBEAD2467}"
EndProject
Project("{9A19103F-16F7-4668-BE54-9A1E7A4F7556}") = "Filuet.ASC.Kiosk.OnBoard.Printer.Abstractions", "Printer\Abstractions\Filuet.ASC.Kiosk.OnBoard.Printer.Abstractions.csproj", "{DED4942A-F2A3-4AD7-95BB-72B333D7BC86}"
EndProject
Project("{2150E333-8FDC-42A3-9474-1A3956D46DE8}") = "UVS", "UVS", "{FB8927FF-8892-4DA0-A973-0646FA98E41C}"
EndProject
Project("{FAE04EC0-301F-11D3-BF4B-00C04F79EFBC}") = "Filuet.ASC.Kiosk.OnBoard.UVS.Core", "Payment\UVS\Filuet.ASC.Kiosk.OnBoard.UVS.Core\Filuet.ASC.Kiosk.OnBoard.UVS.Core.csproj", "{F7DD14A4-18F2-4D48-8568-6171688AFD17}"
EndProject
Global
	GlobalSection(SolutionConfigurationPlatforms) = preSolution
		Debug|Any CPU = Debug|Any CPU
		Release|Any CPU = Release|Any CPU
	EndGlobalSection
	GlobalSection(ProjectConfigurationPlatforms) = postSolution
		{CD3FF486-2636-44E9-A357-D593684166F3}.Debug|Any CPU.ActiveCfg = Debug|Any CPU
		{CD3FF486-2636-44E9-A357-D593684166F3}.Debug|Any CPU.Build.0 = Debug|Any CPU
		{CD3FF486-2636-44E9-A357-D593684166F3}.Release|Any CPU.ActiveCfg = Release|Any CPU
		{CD3FF486-2636-44E9-A357-D593684166F3}.Release|Any CPU.Build.0 = Release|Any CPU
		{A6A899BE-E2AD-4E33-8AB6-59A088D95089}.Debug|Any CPU.ActiveCfg = Debug|Any CPU
		{A6A899BE-E2AD-4E33-8AB6-59A088D95089}.Debug|Any CPU.Build.0 = Debug|Any CPU
		{A6A899BE-E2AD-4E33-8AB6-59A088D95089}.Release|Any CPU.ActiveCfg = Release|Any CPU
		{A6A899BE-E2AD-4E33-8AB6-59A088D95089}.Release|Any CPU.Build.0 = Release|Any CPU
		{651D122C-61E5-41EC-96C9-2F25530182F6}.Debug|Any CPU.ActiveCfg = Debug|Any CPU
		{651D122C-61E5-41EC-96C9-2F25530182F6}.Debug|Any CPU.Build.0 = Debug|Any CPU
		{651D122C-61E5-41EC-96C9-2F25530182F6}.Release|Any CPU.ActiveCfg = Release|Any CPU
		{651D122C-61E5-41EC-96C9-2F25530182F6}.Release|Any CPU.Build.0 = Release|Any CPU
		{7896ABCA-0DC5-49FB-B2BA-32C85656DA5C}.Debug|Any CPU.ActiveCfg = Debug|Any CPU
		{7896ABCA-0DC5-49FB-B2BA-32C85656DA5C}.Debug|Any CPU.Build.0 = Debug|Any CPU
		{7896ABCA-0DC5-49FB-B2BA-32C85656DA5C}.Release|Any CPU.ActiveCfg = Release|Any CPU
		{7896ABCA-0DC5-49FB-B2BA-32C85656DA5C}.Release|Any CPU.Build.0 = Release|Any CPU
		{B8331EDF-C82C-4397-81FF-39036926CDFF}.Debug|Any CPU.ActiveCfg = Debug|Any CPU
		{B8331EDF-C82C-4397-81FF-39036926CDFF}.Debug|Any CPU.Build.0 = Debug|Any CPU
		{B8331EDF-C82C-4397-81FF-39036926CDFF}.Release|Any CPU.ActiveCfg = Release|Any CPU
		{B8331EDF-C82C-4397-81FF-39036926CDFF}.Release|Any CPU.Build.0 = Release|Any CPU
		{B8A658FC-70BA-41DA-990B-26AF44C41C91}.Debug|Any CPU.ActiveCfg = Debug|Any CPU
		{B8A658FC-70BA-41DA-990B-26AF44C41C91}.Debug|Any CPU.Build.0 = Debug|Any CPU
		{B8A658FC-70BA-41DA-990B-26AF44C41C91}.Release|Any CPU.ActiveCfg = Release|Any CPU
		{B8A658FC-70BA-41DA-990B-26AF44C41C91}.Release|Any CPU.Build.0 = Release|Any CPU
		{A896E887-9367-4C91-9E53-16C353727296}.Debug|Any CPU.ActiveCfg = Debug|Any CPU
		{A896E887-9367-4C91-9E53-16C353727296}.Debug|Any CPU.Build.0 = Debug|Any CPU
		{A896E887-9367-4C91-9E53-16C353727296}.Release|Any CPU.ActiveCfg = Release|Any CPU
		{A896E887-9367-4C91-9E53-16C353727296}.Release|Any CPU.Build.0 = Release|Any CPU
		{0BF65245-72D6-4284-8221-D88FAE1321D1}.Debug|Any CPU.ActiveCfg = Debug|Any CPU
		{0BF65245-72D6-4284-8221-D88FAE1321D1}.Debug|Any CPU.Build.0 = Debug|Any CPU
		{0BF65245-72D6-4284-8221-D88FAE1321D1}.Release|Any CPU.ActiveCfg = Release|Any CPU
		{0BF65245-72D6-4284-8221-D88FAE1321D1}.Release|Any CPU.Build.0 = Release|Any CPU
		{5141B630-691D-49B4-9462-9E97D5C9E184}.Debug|Any CPU.ActiveCfg = Debug|Any CPU
		{5141B630-691D-49B4-9462-9E97D5C9E184}.Debug|Any CPU.Build.0 = Debug|Any CPU
		{5141B630-691D-49B4-9462-9E97D5C9E184}.Release|Any CPU.ActiveCfg = Release|Any CPU
		{5141B630-691D-49B4-9462-9E97D5C9E184}.Release|Any CPU.Build.0 = Release|Any CPU
		{2422BC4C-E06E-4F91-9D7C-D4D2982A8E67}.Debug|Any CPU.ActiveCfg = Debug|Any CPU
		{2422BC4C-E06E-4F91-9D7C-D4D2982A8E67}.Debug|Any CPU.Build.0 = Debug|Any CPU
		{2422BC4C-E06E-4F91-9D7C-D4D2982A8E67}.Release|Any CPU.ActiveCfg = Release|Any CPU
		{2422BC4C-E06E-4F91-9D7C-D4D2982A8E67}.Release|Any CPU.Build.0 = Release|Any CPU
		{4DF93D7B-78E5-4799-BB35-9C2AAEDB1632}.Debug|Any CPU.ActiveCfg = Debug|Any CPU
		{4DF93D7B-78E5-4799-BB35-9C2AAEDB1632}.Debug|Any CPU.Build.0 = Debug|Any CPU
		{4DF93D7B-78E5-4799-BB35-9C2AAEDB1632}.Release|Any CPU.ActiveCfg = Release|Any CPU
		{4DF93D7B-78E5-4799-BB35-9C2AAEDB1632}.Release|Any CPU.Build.0 = Release|Any CPU
		{75D4CD87-6D02-4F22-AEF0-1F1BCC174F06}.Debug|Any CPU.ActiveCfg = Debug|Any CPU
		{75D4CD87-6D02-4F22-AEF0-1F1BCC174F06}.Debug|Any CPU.Build.0 = Debug|Any CPU
		{75D4CD87-6D02-4F22-AEF0-1F1BCC174F06}.Release|Any CPU.ActiveCfg = Release|Any CPU
		{75D4CD87-6D02-4F22-AEF0-1F1BCC174F06}.Release|Any CPU.Build.0 = Release|Any CPU
		{D85E0B50-7979-487D-81DA-E635E4FAC4C1}.Debug|Any CPU.ActiveCfg = Debug|Any CPU
		{D85E0B50-7979-487D-81DA-E635E4FAC4C1}.Debug|Any CPU.Build.0 = Debug|Any CPU
		{D85E0B50-7979-487D-81DA-E635E4FAC4C1}.Release|Any CPU.ActiveCfg = Release|Any CPU
		{D85E0B50-7979-487D-81DA-E635E4FAC4C1}.Release|Any CPU.Build.0 = Release|Any CPU
		{F9099EF3-2BF1-41B4-863B-2FAFC563A91A}.Debug|Any CPU.ActiveCfg = Debug|Any CPU
		{F9099EF3-2BF1-41B4-863B-2FAFC563A91A}.Debug|Any CPU.Build.0 = Debug|Any CPU
		{F9099EF3-2BF1-41B4-863B-2FAFC563A91A}.Release|Any CPU.ActiveCfg = Release|Any CPU
		{F9099EF3-2BF1-41B4-863B-2FAFC563A91A}.Release|Any CPU.Build.0 = Release|Any CPU
		{FBC6255D-A704-49C0-B75C-63AE59571561}.Debug|Any CPU.ActiveCfg = Debug|Any CPU
		{FBC6255D-A704-49C0-B75C-63AE59571561}.Debug|Any CPU.Build.0 = Debug|Any CPU
		{FBC6255D-A704-49C0-B75C-63AE59571561}.Release|Any CPU.ActiveCfg = Release|Any CPU
		{FBC6255D-A704-49C0-B75C-63AE59571561}.Release|Any CPU.Build.0 = Release|Any CPU
		{C2970920-D302-45E6-8981-4A4F12C66105}.Debug|Any CPU.ActiveCfg = Debug|Any CPU
		{C2970920-D302-45E6-8981-4A4F12C66105}.Debug|Any CPU.Build.0 = Debug|Any CPU
		{C2970920-D302-45E6-8981-4A4F12C66105}.Release|Any CPU.ActiveCfg = Release|Any CPU
		{C2970920-D302-45E6-8981-4A4F12C66105}.Release|Any CPU.Build.0 = Release|Any CPU
		{F7430CB4-B2D8-4417-82B2-28BEBBB41003}.Debug|Any CPU.ActiveCfg = Debug|Any CPU
		{F7430CB4-B2D8-4417-82B2-28BEBBB41003}.Debug|Any CPU.Build.0 = Debug|Any CPU
		{F7430CB4-B2D8-4417-82B2-28BEBBB41003}.Release|Any CPU.ActiveCfg = Release|Any CPU
		{F7430CB4-B2D8-4417-82B2-28BEBBB41003}.Release|Any CPU.Build.0 = Release|Any CPU
		{81EA7942-C072-46CD-9166-096E1E00374D}.Debug|Any CPU.ActiveCfg = Debug|Any CPU
		{81EA7942-C072-46CD-9166-096E1E00374D}.Debug|Any CPU.Build.0 = Debug|Any CPU
		{81EA7942-C072-46CD-9166-096E1E00374D}.Release|Any CPU.ActiveCfg = Release|Any CPU
		{81EA7942-C072-46CD-9166-096E1E00374D}.Release|Any CPU.Build.0 = Release|Any CPU
		{8DAACAD3-6641-42BC-BEC6-E09558A6EFB8}.Debug|Any CPU.ActiveCfg = Debug|Any CPU
		{8DAACAD3-6641-42BC-BEC6-E09558A6EFB8}.Debug|Any CPU.Build.0 = Debug|Any CPU
		{8DAACAD3-6641-42BC-BEC6-E09558A6EFB8}.Release|Any CPU.ActiveCfg = Release|Any CPU
		{8DAACAD3-6641-42BC-BEC6-E09558A6EFB8}.Release|Any CPU.Build.0 = Release|Any CPU
		{FE38B5A7-E1D8-4766-9741-160C63423400}.Debug|Any CPU.ActiveCfg = Debug|Any CPU
		{FE38B5A7-E1D8-4766-9741-160C63423400}.Debug|Any CPU.Build.0 = Debug|Any CPU
		{FE38B5A7-E1D8-4766-9741-160C63423400}.Release|Any CPU.ActiveCfg = Release|Any CPU
		{FE38B5A7-E1D8-4766-9741-160C63423400}.Release|Any CPU.Build.0 = Release|Any CPU
		{10BACA07-B92A-4574-B9CB-442CB4E537DB}.Debug|Any CPU.ActiveCfg = Debug|Any CPU
		{10BACA07-B92A-4574-B9CB-442CB4E537DB}.Debug|Any CPU.Build.0 = Debug|Any CPU
		{10BACA07-B92A-4574-B9CB-442CB4E537DB}.Release|Any CPU.ActiveCfg = Release|Any CPU
		{10BACA07-B92A-4574-B9CB-442CB4E537DB}.Release|Any CPU.Build.0 = Release|Any CPU
		{BF8045CD-A457-4DEB-B6C3-A5F49A4B1B6D}.Debug|Any CPU.ActiveCfg = Debug|Any CPU
		{BF8045CD-A457-4DEB-B6C3-A5F49A4B1B6D}.Debug|Any CPU.Build.0 = Debug|Any CPU
		{BF8045CD-A457-4DEB-B6C3-A5F49A4B1B6D}.Release|Any CPU.ActiveCfg = Release|Any CPU
		{BF8045CD-A457-4DEB-B6C3-A5F49A4B1B6D}.Release|Any CPU.Build.0 = Release|Any CPU
		{DED4942A-F2A3-4AD7-95BB-72B333D7BC86}.Debug|Any CPU.ActiveCfg = Debug|Any CPU
		{DED4942A-F2A3-4AD7-95BB-72B333D7BC86}.Debug|Any CPU.Build.0 = Debug|Any CPU
		{DED4942A-F2A3-4AD7-95BB-72B333D7BC86}.Release|Any CPU.ActiveCfg = Release|Any CPU
		{DED4942A-F2A3-4AD7-95BB-72B333D7BC86}.Release|Any CPU.Build.0 = Release|Any CPU
		{F7DD14A4-18F2-4D48-8568-6171688AFD17}.Debug|Any CPU.ActiveCfg = Debug|Any CPU
		{F7DD14A4-18F2-4D48-8568-6171688AFD17}.Debug|Any CPU.Build.0 = Debug|Any CPU
		{F7DD14A4-18F2-4D48-8568-6171688AFD17}.Release|Any CPU.ActiveCfg = Release|Any CPU
		{F7DD14A4-18F2-4D48-8568-6171688AFD17}.Release|Any CPU.Build.0 = Release|Any CPU
	EndGlobalSection
	GlobalSection(SolutionProperties) = preSolution
		HideSolutionNode = FALSE
	EndGlobalSection
	GlobalSection(NestedProjects) = preSolution
		{CD3FF486-2636-44E9-A357-D593684166F3} = {092FCF5F-46E0-4C42-96B6-CEA36E988EC8}
		{A6A899BE-E2AD-4E33-8AB6-59A088D95089} = {47D4898C-D171-4731-A2A2-1DF9F7779454}
		{651D122C-61E5-41EC-96C9-2F25530182F6} = {092FCF5F-46E0-4C42-96B6-CEA36E988EC8}
		{7896ABCA-0DC5-49FB-B2BA-32C85656DA5C} = {092FCF5F-46E0-4C42-96B6-CEA36E988EC8}
		{B8331EDF-C82C-4397-81FF-39036926CDFF} = {28E87852-E76C-437D-B820-64460B36E042}
		{B8A658FC-70BA-41DA-990B-26AF44C41C91} = {28E87852-E76C-437D-B820-64460B36E042}
		{A896E887-9367-4C91-9E53-16C353727296} = {28E87852-E76C-437D-B820-64460B36E042}
		{0BF65245-72D6-4284-8221-D88FAE1321D1} = {47D4898C-D171-4731-A2A2-1DF9F7779454}
		{5141B630-691D-49B4-9462-9E97D5C9E184} = {5561C2C8-0605-49B6-9487-B03EF2E3E09E}
		{2422BC4C-E06E-4F91-9D7C-D4D2982A8E67} = {5561C2C8-0605-49B6-9487-B03EF2E3E09E}
		{4DF93D7B-78E5-4799-BB35-9C2AAEDB1632} = {737B6B74-5356-4552-BF34-D2EA5C733339}
		{4A81321F-0A7D-4DE5-A361-17061AC69EF2} = {9AF1BDF8-3B94-45D2-9DE2-3ADA0F630465}
		{75D4CD87-6D02-4F22-AEF0-1F1BCC174F06} = {4A81321F-0A7D-4DE5-A361-17061AC69EF2}
		{D85E0B50-7979-487D-81DA-E635E4FAC4C1} = {4A81321F-0A7D-4DE5-A361-17061AC69EF2}
		{F9099EF3-2BF1-41B4-863B-2FAFC563A91A} = {4A81321F-0A7D-4DE5-A361-17061AC69EF2}
		{19301B9B-C457-4A36-AD25-56A2400CEB08} = {9AF1BDF8-3B94-45D2-9DE2-3ADA0F630465}
		{FBC6255D-A704-49C0-B75C-63AE59571561} = {19301B9B-C457-4A36-AD25-56A2400CEB08}
		{C2970920-D302-45E6-8981-4A4F12C66105} = {19301B9B-C457-4A36-AD25-56A2400CEB08}
		{F7430CB4-B2D8-4417-82B2-28BEBBB41003} = {19301B9B-C457-4A36-AD25-56A2400CEB08}
		{81EA7942-C072-46CD-9166-096E1E00374D} = {12EC15C7-F10E-49E9-ACED-EA1B9F4D63A8}
		{8DAACAD3-6641-42BC-BEC6-E09558A6EFB8} = {737B6B74-5356-4552-BF34-D2EA5C733339}
		{FE38B5A7-E1D8-4766-9741-160C63423400} = {737B6B74-5356-4552-BF34-D2EA5C733339}
		{10BACA07-B92A-4574-B9CB-442CB4E537DB} = {F69CFBCC-833E-47BA-B8D8-E35F65F59F47}
		{BF8045CD-A457-4DEB-B6C3-A5F49A4B1B6D} = {9AF1BDF8-3B94-45D2-9DE2-3ADA0F630465}
		{DED4942A-F2A3-4AD7-95BB-72B333D7BC86} = {A3C376D4-D155-4672-A47E-B02FBEAD2467}
		{FB8927FF-8892-4DA0-A973-0646FA98E41C} = {9AF1BDF8-3B94-45D2-9DE2-3ADA0F630465}
		{F7DD14A4-18F2-4D48-8568-6171688AFD17} = {FB8927FF-8892-4DA0-A973-0646FA98E41C}
	EndGlobalSection
	GlobalSection(ExtensibilityGlobals) = postSolution
		SolutionGuid = {A02BEFA1-73D8-435F-8D33-C1AB99ACD5C2}
	EndGlobalSection
EndGlobal
